// !$*UTF8*$!
{
	archiveVersion = 1;
	classes = {
	};
	objectVersion = 46;
	objects = {

/* Begin PBXBuildFile section */
		821610B81C5A10D3002CFA90 /* main.m in Sources */ = {isa = PBXBuildFile; fileRef = 821610B71C5A10D3002CFA90 /* main.m */; };
		821610BB1C5A10D3002CFA90 /* AppDelegate.m in Sources */ = {isa = PBXBuildFile; fileRef = 821610BA1C5A10D3002CFA90 /* AppDelegate.m */; };
		821610BE1C5A10D3002CFA90 /* ViewController.m in Sources */ = {isa = PBXBuildFile; fileRef = 821610BD1C5A10D3002CFA90 /* ViewController.m */; };
		821610C11C5A10D3002CFA90 /* Main.storyboard in Resources */ = {isa = PBXBuildFile; fileRef = 821610BF1C5A10D3002CFA90 /* Main.storyboard */; };
		821610C31C5A10D3002CFA90 /* Assets.xcassets in Resources */ = {isa = PBXBuildFile; fileRef = 821610C21C5A10D3002CFA90 /* Assets.xcassets */; };
		821610C61C5A10D3002CFA90 /* LaunchScreen.storyboard in Resources */ = {isa = PBXBuildFile; fileRef = 821610C41C5A10D3002CFA90 /* LaunchScreen.storyboard */; };
		821610D81C5A1A37002CFA90 /* app_splash_movie.mp4 in Resources */ = {isa = PBXBuildFile; fileRef = 821610D71C5A1A37002CFA90 /* app_splash_movie.mp4 */; };
		8228673E1C5B1673004343A4 /* EssenceViewController.m in Sources */ = {isa = PBXBuildFile; fileRef = 8228673C1C5B1673004343A4 /* EssenceViewController.m */; };
		8228673F1C5B1673004343A4 /* EssenceViewController.xib in Resources */ = {isa = PBXBuildFile; fileRef = 8228673D1C5B1673004343A4 /* EssenceViewController.xib */; };
		822867441C5B16EA004343A4 /* NewestViewController.m in Sources */ = {isa = PBXBuildFile; fileRef = 822867421C5B16EA004343A4 /* NewestViewController.m */; };
		822867451C5B16EA004343A4 /* NewestViewController.xib in Resources */ = {isa = PBXBuildFile; fileRef = 822867431C5B16EA004343A4 /* NewestViewController.xib */; };
		822867491C5B1766004343A4 /* PublishViewController.m in Sources */ = {isa = PBXBuildFile; fileRef = 822867471C5B1766004343A4 /* PublishViewController.m */; };
		8228674A1C5B1766004343A4 /* PublishViewController.xib in Resources */ = {isa = PBXBuildFile; fileRef = 822867481C5B1766004343A4 /* PublishViewController.xib */; };
		822867501C5B179D004343A4 /* MeViewController.m in Sources */ = {isa = PBXBuildFile; fileRef = 8228674E1C5B179D004343A4 /* MeViewController.m */; };
		822867511C5B179D004343A4 /* MeViewController.xib in Resources */ = {isa = PBXBuildFile; fileRef = 8228674F1C5B179D004343A4 /* MeViewController.xib */; };
		822867551C5B17B0004343A4 /* AttentionViewController.m in Sources */ = {isa = PBXBuildFile; fileRef = 822867531C5B17B0004343A4 /* AttentionViewController.m */; };
		822867561C5B17B0004343A4 /* AttentionViewController.xib in Resources */ = {isa = PBXBuildFile; fileRef = 822867541C5B17B0004343A4 /* AttentionViewController.xib */; };
		823916C91C74674E00D90D5B /* XHJConst.m in Sources */ = {isa = PBXBuildFile; fileRef = 823916C81C74674E00D90D5B /* XHJConst.m */; };
		824E0DAA1C755A6E002C0D42 /* XHJTopicViewController.m in Sources */ = {isa = PBXBuildFile; fileRef = 824E0DA91C755A6E002C0D42 /* XHJTopicViewController.m */; };
		824E0DAD1C75762D002C0D42 /* XHJTopicModel.m in Sources */ = {isa = PBXBuildFile; fileRef = 824E0DAC1C75762D002C0D42 /* XHJTopicModel.m */; };
		824E0DB11C7599E0002C0D42 /* XHJTweetCell.m in Sources */ = {isa = PBXBuildFile; fileRef = 824E0DAF1C7599E0002C0D42 /* XHJTweetCell.m */; };
		824E0DB21C7599E0002C0D42 /* XHJTweetCell.xib in Resources */ = {isa = PBXBuildFile; fileRef = 824E0DB01C7599E0002C0D42 /* XHJTweetCell.xib */; };
		824E0DB51C75CF6A002C0D42 /* XHJVerticalButton.m in Sources */ = {isa = PBXBuildFile; fileRef = 824E0DB41C75CF6A002C0D42 /* XHJVerticalButton.m */; };
		824E0DB91C75D0F7002C0D42 /* XHJRegisterController.m in Sources */ = {isa = PBXBuildFile; fileRef = 824E0DB71C75D0F7002C0D42 /* XHJRegisterController.m */; };
		824E0DBA1C75D0F7002C0D42 /* XHJRegisterController.xib in Resources */ = {isa = PBXBuildFile; fileRef = 824E0DB81C75D0F7002C0D42 /* XHJRegisterController.xib */; };
		825624A71C5A2AB600E562FC /* Images.xcassets in Resources */ = {isa = PBXBuildFile; fileRef = 825624A61C5A2AB600E562FC /* Images.xcassets */; };
		8256D4551C6608A0004AEE0D /* XHJTabBarController.m in Sources */ = {isa = PBXBuildFile; fileRef = 8256D4541C6608A0004AEE0D /* XHJTabBarController.m */; };
		8256D4581C66BDE4004AEE0D /* XHJNavigationController.m in Sources */ = {isa = PBXBuildFile; fileRef = 8256D4571C66BDE4004AEE0D /* XHJNavigationController.m */; };
		8256D45B1C66EFCF004AEE0D /* XHJTabBar.m in Sources */ = {isa = PBXBuildFile; fileRef = 8256D45A1C66EFCF004AEE0D /* XHJTabBar.m */; };
		8256D45E1C674484004AEE0D /* UIView+Extention.m in Sources */ = {isa = PBXBuildFile; fileRef = 8256D45D1C674484004AEE0D /* UIView+Extention.m */; };
		827165421C7B4FD300079D90 /* XHJTopicPictureView.m in Sources */ = {isa = PBXBuildFile; fileRef = 827165411C7B4FD300079D90 /* XHJTopicPictureView.m */; };
		827165451C7B4FFA00079D90 /* XHJTopicPictureView.xib in Resources */ = {isa = PBXBuildFile; fileRef = 827165441C7B4FFA00079D90 /* XHJTopicPictureView.xib */; };
		82953E6B1C833F8E00469C4E /* XHJPicBrowserController.m in Sources */ = {isa = PBXBuildFile; fileRef = 82953E6A1C833F8E00469C4E /* XHJPicBrowserController.m */; };
		829C46C11C720D7600AD7E07 /* XHJCatagoryViewController.m in Sources */ = {isa = PBXBuildFile; fileRef = 829C46BF1C720D7600AD7E07 /* XHJCatagoryViewController.m */; };
		829C46C21C720D7600AD7E07 /* XHJCatagoryViewController.xib in Resources */ = {isa = PBXBuildFile; fileRef = 829C46C01C720D7600AD7E07 /* XHJCatagoryViewController.xib */; };
		829C46C61C72106300AD7E07 /* XHJLeftViewController.m in Sources */ = {isa = PBXBuildFile; fileRef = 829C46C41C72106300AD7E07 /* XHJLeftViewController.m */; };
		829C46C71C72106300AD7E07 /* XHJLeftViewController.xib in Resources */ = {isa = PBXBuildFile; fileRef = 829C46C51C72106300AD7E07 /* XHJLeftViewController.xib */; };
		829C46CB1C72107000AD7E07 /* XHJRightViewController.m in Sources */ = {isa = PBXBuildFile; fileRef = 829C46C91C72107000AD7E07 /* XHJRightViewController.m */; };
		829C46CC1C72107000AD7E07 /* XHJRightViewController.xib in Resources */ = {isa = PBXBuildFile; fileRef = 829C46CA1C72107000AD7E07 /* XHJRightViewController.xib */; };
		829C46CF1C72144B00AD7E07 /* XHJLeftCell.m in Sources */ = {isa = PBXBuildFile; fileRef = 829C46CE1C72144B00AD7E07 /* XHJLeftCell.m */; };
		829C46D21C7219AD00AD7E07 /* NetworkManager.m in Sources */ = {isa = PBXBuildFile; fileRef = 829C46D11C7219AD00AD7E07 /* NetworkManager.m */; };
		82E8A5691C773702009F5E5C /* XHJPublishView.m in Sources */ = {isa = PBXBuildFile; fileRef = 82E8A5681C773702009F5E5C /* XHJPublishView.m */; };
		82FCBA601C72B90C00D396BC /* XHJLeftCatagoryModel.m in Sources */ = {isa = PBXBuildFile; fileRef = 82FCBA5F1C72B90C00D396BC /* XHJLeftCatagoryModel.m */; };
		82FCBA671C72CC6A00D396BC /* XHJRightCell.m in Sources */ = {isa = PBXBuildFile; fileRef = 82FCBA651C72CC6A00D396BC /* XHJRightCell.m */; };
		82FCBA681C72CC6A00D396BC /* XHJRightCell.xib in Resources */ = {isa = PBXBuildFile; fileRef = 82FCBA661C72CC6A00D396BC /* XHJRightCell.xib */; };
		82FCBA6B1C72CDE600D396BC /* XHJRightDetailModel.m in Sources */ = {isa = PBXBuildFile; fileRef = 82FCBA6A1C72CDE600D396BC /* XHJRightDetailModel.m */; };
		82FCBA6E1C72CEF900D396BC /* XHJDetailLIstModel.m in Sources */ = {isa = PBXBuildFile; fileRef = 82FCBA6D1C72CEF900D396BC /* XHJDetailLIstModel.m */; };
		82FCBA711C72D69100D396BC /* XHJSegmentButton.m in Sources */ = {isa = PBXBuildFile; fileRef = 82FCBA701C72D69100D396BC /* XHJSegmentButton.m */; };
		82FCBA761C73053A00D396BC /* XHJGuideView.m in Sources */ = {isa = PBXBuildFile; fileRef = 82FCBA751C73053A00D396BC /* XHJGuideView.m */; };
		82FCBA7A1C73055500D396BC /* XHJGuideView.xib in Resources */ = {isa = PBXBuildFile; fileRef = 82FCBA791C73055500D396BC /* XHJGuideView.xib */; };
		82FCBA961C73083B00D396BC /* TweetCell.m in Sources */ = {isa = PBXBuildFile; fileRef = 82FCBA951C73083B00D396BC /* TweetCell.m */; };
		82FCBA991C73085600D396BC /* TweetLayout.m in Sources */ = {isa = PBXBuildFile; fileRef = 82FCBA981C73085600D396BC /* TweetLayout.m */; };
		82FCBA9C1C731A3A00D396BC /* XHJAllController.m in Sources */ = {isa = PBXBuildFile; fileRef = 82FCBA9B1C731A3A00D396BC /* XHJAllController.m */; };
		82FCBA9F1C731A4F00D396BC /* XHJVideoController.m in Sources */ = {isa = PBXBuildFile; fileRef = 82FCBA9E1C731A4F00D396BC /* XHJVideoController.m */; };
		82FCBAA21C731A6100D396BC /* XHJPictureController.m in Sources */ = {isa = PBXBuildFile; fileRef = 82FCBAA11C731A6100D396BC /* XHJPictureController.m */; };
		82FCBAA51C731A7300D396BC /* XHJWordController.m in Sources */ = {isa = PBXBuildFile; fileRef = 82FCBAA41C731A7300D396BC /* XHJWordController.m */; };
		9D94B66752AD9ECEFAD14BC0 /* libPods.a in Frameworks */ = {isa = PBXBuildFile; fileRef = 323CFE15D06DC3B1E943E2BF /* libPods.a */; };
/* End PBXBuildFile section */

/* Begin PBXFileReference section */
		29A9ABEE978E17BACE6057DB /* Pods.release.xcconfig */ = {isa = PBXFileReference; includeInIndex = 1; lastKnownFileType = text.xcconfig; name = Pods.release.xcconfig; path = "Pods/Target Support Files/Pods/Pods.release.xcconfig"; sourceTree = "<group>"; };
		323CFE15D06DC3B1E943E2BF /* libPods.a */ = {isa = PBXFileReference; explicitFileType = archive.ar; includeInIndex = 0; path = libPods.a; sourceTree = BUILT_PRODUCTS_DIR; };
		821610B31C5A10D3002CFA90 /* MissU.app */ = {isa = PBXFileReference; explicitFileType = wrapper.application; includeInIndex = 0; path = MissU.app; sourceTree = BUILT_PRODUCTS_DIR; };
		821610B71C5A10D3002CFA90 /* main.m */ = {isa = PBXFileReference; lastKnownFileType = sourcecode.c.objc; path = main.m; sourceTree = "<group>"; };
		821610B91C5A10D3002CFA90 /* AppDelegate.h */ = {isa = PBXFileReference; lastKnownFileType = sourcecode.c.h; path = AppDelegate.h; sourceTree = "<group>"; };
		821610BA1C5A10D3002CFA90 /* AppDelegate.m */ = {isa = PBXFileReference; lastKnownFileType = sourcecode.c.objc; path = AppDelegate.m; sourceTree = "<group>"; };
		821610BC1C5A10D3002CFA90 /* ViewController.h */ = {isa = PBXFileReference; lastKnownFileType = sourcecode.c.h; path = ViewController.h; sourceTree = "<group>"; };
		821610BD1C5A10D3002CFA90 /* ViewController.m */ = {isa = PBXFileReference; lastKnownFileType = sourcecode.c.objc; path = ViewController.m; sourceTree = "<group>"; };
		821610C01C5A10D3002CFA90 /* Base */ = {isa = PBXFileReference; lastKnownFileType = file.storyboard; name = Base; path = Base.lproj/Main.storyboard; sourceTree = "<group>"; };
		821610C21C5A10D3002CFA90 /* Assets.xcassets */ = {isa = PBXFileReference; lastKnownFileType = folder.assetcatalog; path = Assets.xcassets; sourceTree = "<group>"; };
		821610C51C5A10D3002CFA90 /* Base */ = {isa = PBXFileReference; lastKnownFileType = file.storyboard; name = Base; path = Base.lproj/LaunchScreen.storyboard; sourceTree = "<group>"; };
		821610C71C5A10D3002CFA90 /* Info.plist */ = {isa = PBXFileReference; lastKnownFileType = text.plist.xml; path = Info.plist; sourceTree = "<group>"; };
		821610D71C5A1A37002CFA90 /* app_splash_movie.mp4 */ = {isa = PBXFileReference; lastKnownFileType = file; path = app_splash_movie.mp4; sourceTree = "<group>"; };
		8228673B1C5B1673004343A4 /* EssenceViewController.h */ = {isa = PBXFileReference; fileEncoding = 4; lastKnownFileType = sourcecode.c.h; path = EssenceViewController.h; sourceTree = "<group>"; };
		8228673C1C5B1673004343A4 /* EssenceViewController.m */ = {isa = PBXFileReference; fileEncoding = 4; lastKnownFileType = sourcecode.c.objc; path = EssenceViewController.m; sourceTree = "<group>"; };
		8228673D1C5B1673004343A4 /* EssenceViewController.xib */ = {isa = PBXFileReference; fileEncoding = 4; lastKnownFileType = file.xib; path = EssenceViewController.xib; sourceTree = "<group>"; };
		822867411C5B16EA004343A4 /* NewestViewController.h */ = {isa = PBXFileReference; fileEncoding = 4; lastKnownFileType = sourcecode.c.h; path = NewestViewController.h; sourceTree = "<group>"; };
		822867421C5B16EA004343A4 /* NewestViewController.m */ = {isa = PBXFileReference; fileEncoding = 4; lastKnownFileType = sourcecode.c.objc; path = NewestViewController.m; sourceTree = "<group>"; };
		822867431C5B16EA004343A4 /* NewestViewController.xib */ = {isa = PBXFileReference; fileEncoding = 4; lastKnownFileType = file.xib; path = NewestViewController.xib; sourceTree = "<group>"; };
		822867461C5B1766004343A4 /* PublishViewController.h */ = {isa = PBXFileReference; fileEncoding = 4; lastKnownFileType = sourcecode.c.h; path = PublishViewController.h; sourceTree = "<group>"; };
		822867471C5B1766004343A4 /* PublishViewController.m */ = {isa = PBXFileReference; fileEncoding = 4; lastKnownFileType = sourcecode.c.objc; path = PublishViewController.m; sourceTree = "<group>"; };
		822867481C5B1766004343A4 /* PublishViewController.xib */ = {isa = PBXFileReference; fileEncoding = 4; lastKnownFileType = file.xib; path = PublishViewController.xib; sourceTree = "<group>"; };
		8228674D1C5B179D004343A4 /* MeViewController.h */ = {isa = PBXFileReference; fileEncoding = 4; lastKnownFileType = sourcecode.c.h; path = MeViewController.h; sourceTree = "<group>"; };
		8228674E1C5B179D004343A4 /* MeViewController.m */ = {isa = PBXFileReference; fileEncoding = 4; lastKnownFileType = sourcecode.c.objc; path = MeViewController.m; sourceTree = "<group>"; };
		8228674F1C5B179D004343A4 /* MeViewController.xib */ = {isa = PBXFileReference; fileEncoding = 4; lastKnownFileType = file.xib; path = MeViewController.xib; sourceTree = "<group>"; };
		822867521C5B17B0004343A4 /* AttentionViewController.h */ = {isa = PBXFileReference; fileEncoding = 4; lastKnownFileType = sourcecode.c.h; path = AttentionViewController.h; sourceTree = "<group>"; };
		822867531C5B17B0004343A4 /* AttentionViewController.m */ = {isa = PBXFileReference; fileEncoding = 4; lastKnownFileType = sourcecode.c.objc; path = AttentionViewController.m; sourceTree = "<group>"; };
		822867541C5B17B0004343A4 /* AttentionViewController.xib */ = {isa = PBXFileReference; fileEncoding = 4; lastKnownFileType = file.xib; path = AttentionViewController.xib; sourceTree = "<group>"; };
		823916C71C74674E00D90D5B /* XHJConst.h */ = {isa = PBXFileReference; fileEncoding = 4; lastKnownFileType = sourcecode.c.h; path = XHJConst.h; sourceTree = "<group>"; };
		823916C81C74674E00D90D5B /* XHJConst.m */ = {isa = PBXFileReference; fileEncoding = 4; lastKnownFileType = sourcecode.c.objc; path = XHJConst.m; sourceTree = "<group>"; };
		824E0DA81C755A6E002C0D42 /* XHJTopicViewController.h */ = {isa = PBXFileReference; fileEncoding = 4; lastKnownFileType = sourcecode.c.h; path = XHJTopicViewController.h; sourceTree = "<group>"; };
		824E0DA91C755A6E002C0D42 /* XHJTopicViewController.m */ = {isa = PBXFileReference; fileEncoding = 4; lastKnownFileType = sourcecode.c.objc; path = XHJTopicViewController.m; sourceTree = "<group>"; };
		824E0DAB1C75762D002C0D42 /* XHJTopicModel.h */ = {isa = PBXFileReference; fileEncoding = 4; lastKnownFileType = sourcecode.c.h; path = XHJTopicModel.h; sourceTree = "<group>"; tabWidth = 3; };
		824E0DAC1C75762D002C0D42 /* XHJTopicModel.m */ = {isa = PBXFileReference; fileEncoding = 4; lastKnownFileType = sourcecode.c.objc; path = XHJTopicModel.m; sourceTree = "<group>"; };
		824E0DAE1C7599E0002C0D42 /* XHJTweetCell.h */ = {isa = PBXFileReference; fileEncoding = 4; lastKnownFileType = sourcecode.c.h; path = XHJTweetCell.h; sourceTree = "<group>"; };
		824E0DAF1C7599E0002C0D42 /* XHJTweetCell.m */ = {isa = PBXFileReference; fileEncoding = 4; lastKnownFileType = sourcecode.c.objc; path = XHJTweetCell.m; sourceTree = "<group>"; };
		824E0DB01C7599E0002C0D42 /* XHJTweetCell.xib */ = {isa = PBXFileReference; fileEncoding = 4; lastKnownFileType = file.xib; path = XHJTweetCell.xib; sourceTree = "<group>"; };
		824E0DB31C75CF6A002C0D42 /* XHJVerticalButton.h */ = {isa = PBXFileReference; fileEncoding = 4; lastKnownFileType = sourcecode.c.h; path = XHJVerticalButton.h; sourceTree = "<group>"; };
		824E0DB41C75CF6A002C0D42 /* XHJVerticalButton.m */ = {isa = PBXFileReference; fileEncoding = 4; lastKnownFileType = sourcecode.c.objc; path = XHJVerticalButton.m; sourceTree = "<group>"; };
		824E0DB61C75D0F7002C0D42 /* XHJRegisterController.h */ = {isa = PBXFileReference; fileEncoding = 4; lastKnownFileType = sourcecode.c.h; path = XHJRegisterController.h; sourceTree = "<group>"; };
		824E0DB71C75D0F7002C0D42 /* XHJRegisterController.m */ = {isa = PBXFileReference; fileEncoding = 4; lastKnownFileType = sourcecode.c.objc; path = XHJRegisterController.m; sourceTree = "<group>"; };
		824E0DB81C75D0F7002C0D42 /* XHJRegisterController.xib */ = {isa = PBXFileReference; fileEncoding = 4; lastKnownFileType = file.xib; path = XHJRegisterController.xib; sourceTree = "<group>"; };
		825624A61C5A2AB600E562FC /* Images.xcassets */ = {isa = PBXFileReference; lastKnownFileType = folder.assetcatalog; path = Images.xcassets; sourceTree = "<group>"; };
		8256D4531C6608A0004AEE0D /* XHJTabBarController.h */ = {isa = PBXFileReference; fileEncoding = 4; lastKnownFileType = sourcecode.c.h; path = XHJTabBarController.h; sourceTree = "<group>"; };
		8256D4541C6608A0004AEE0D /* XHJTabBarController.m */ = {isa = PBXFileReference; fileEncoding = 4; lastKnownFileType = sourcecode.c.objc; path = XHJTabBarController.m; sourceTree = "<group>"; };
		8256D4561C66BDE4004AEE0D /* XHJNavigationController.h */ = {isa = PBXFileReference; fileEncoding = 4; lastKnownFileType = sourcecode.c.h; path = XHJNavigationController.h; sourceTree = "<group>"; };
		8256D4571C66BDE4004AEE0D /* XHJNavigationController.m */ = {isa = PBXFileReference; fileEncoding = 4; lastKnownFileType = sourcecode.c.objc; path = XHJNavigationController.m; sourceTree = "<group>"; };
		8256D4591C66EFCF004AEE0D /* XHJTabBar.h */ = {isa = PBXFileReference; fileEncoding = 4; lastKnownFileType = sourcecode.c.h; path = XHJTabBar.h; sourceTree = "<group>"; };
		8256D45A1C66EFCF004AEE0D /* XHJTabBar.m */ = {isa = PBXFileReference; fileEncoding = 4; lastKnownFileType = sourcecode.c.objc; path = XHJTabBar.m; sourceTree = "<group>"; };
		8256D45C1C674484004AEE0D /* UIView+Extention.h */ = {isa = PBXFileReference; fileEncoding = 4; lastKnownFileType = sourcecode.c.h; path = "UIView+Extention.h"; sourceTree = "<group>"; };
		8256D45D1C674484004AEE0D /* UIView+Extention.m */ = {isa = PBXFileReference; fileEncoding = 4; lastKnownFileType = sourcecode.c.objc; path = "UIView+Extention.m"; sourceTree = "<group>"; };
		8256D45F1C674919004AEE0D /* PreHeader.h */ = {isa = PBXFileReference; lastKnownFileType = sourcecode.c.h; path = PreHeader.h; sourceTree = "<group>"; };
		827165401C7B4FD300079D90 /* XHJTopicPictureView.h */ = {isa = PBXFileReference; fileEncoding = 4; lastKnownFileType = sourcecode.c.h; path = XHJTopicPictureView.h; sourceTree = "<group>"; };
		827165411C7B4FD300079D90 /* XHJTopicPictureView.m */ = {isa = PBXFileReference; fileEncoding = 4; lastKnownFileType = sourcecode.c.objc; path = XHJTopicPictureView.m; sourceTree = "<group>"; };
		827165441C7B4FFA00079D90 /* XHJTopicPictureView.xib */ = {isa = PBXFileReference; fileEncoding = 4; lastKnownFileType = file.xib; path = XHJTopicPictureView.xib; sourceTree = "<group>"; };
		82953E691C833F8E00469C4E /* XHJPicBrowserController.h */ = {isa = PBXFileReference; fileEncoding = 4; lastKnownFileType = sourcecode.c.h; path = XHJPicBrowserController.h; sourceTree = "<group>"; };
		82953E6A1C833F8E00469C4E /* XHJPicBrowserController.m */ = {isa = PBXFileReference; fileEncoding = 4; lastKnownFileType = sourcecode.c.objc; path = XHJPicBrowserController.m; sourceTree = "<group>"; };
		829C46BE1C720D7600AD7E07 /* XHJCatagoryViewController.h */ = {isa = PBXFileReference; fileEncoding = 4; lastKnownFileType = sourcecode.c.h; path = XHJCatagoryViewController.h; sourceTree = "<group>"; };
		829C46BF1C720D7600AD7E07 /* XHJCatagoryViewController.m */ = {isa = PBXFileReference; fileEncoding = 4; lastKnownFileType = sourcecode.c.objc; path = XHJCatagoryViewController.m; sourceTree = "<group>"; };
		829C46C01C720D7600AD7E07 /* XHJCatagoryViewController.xib */ = {isa = PBXFileReference; fileEncoding = 4; lastKnownFileType = file.xib; path = XHJCatagoryViewController.xib; sourceTree = "<group>"; };
		829C46C31C72106300AD7E07 /* XHJLeftViewController.h */ = {isa = PBXFileReference; fileEncoding = 4; lastKnownFileType = sourcecode.c.h; path = XHJLeftViewController.h; sourceTree = "<group>"; };
		829C46C41C72106300AD7E07 /* XHJLeftViewController.m */ = {isa = PBXFileReference; fileEncoding = 4; lastKnownFileType = sourcecode.c.objc; path = XHJLeftViewController.m; sourceTree = "<group>"; };
		829C46C51C72106300AD7E07 /* XHJLeftViewController.xib */ = {isa = PBXFileReference; fileEncoding = 4; lastKnownFileType = file.xib; path = XHJLeftViewController.xib; sourceTree = "<group>"; };
		829C46C81C72107000AD7E07 /* XHJRightViewController.h */ = {isa = PBXFileReference; fileEncoding = 4; lastKnownFileType = sourcecode.c.h; path = XHJRightViewController.h; sourceTree = "<group>"; };
		829C46C91C72107000AD7E07 /* XHJRightViewController.m */ = {isa = PBXFileReference; fileEncoding = 4; lastKnownFileType = sourcecode.c.objc; path = XHJRightViewController.m; sourceTree = "<group>"; };
		829C46CA1C72107000AD7E07 /* XHJRightViewController.xib */ = {isa = PBXFileReference; fileEncoding = 4; lastKnownFileType = file.xib; path = XHJRightViewController.xib; sourceTree = "<group>"; };
		829C46CD1C72144B00AD7E07 /* XHJLeftCell.h */ = {isa = PBXFileReference; fileEncoding = 4; lastKnownFileType = sourcecode.c.h; path = XHJLeftCell.h; sourceTree = "<group>"; };
		829C46CE1C72144B00AD7E07 /* XHJLeftCell.m */ = {isa = PBXFileReference; fileEncoding = 4; lastKnownFileType = sourcecode.c.objc; path = XHJLeftCell.m; sourceTree = "<group>"; };
		829C46D01C7219AD00AD7E07 /* NetworkManager.h */ = {isa = PBXFileReference; fileEncoding = 4; lastKnownFileType = sourcecode.c.h; path = NetworkManager.h; sourceTree = "<group>"; };
		829C46D11C7219AD00AD7E07 /* NetworkManager.m */ = {isa = PBXFileReference; fileEncoding = 4; lastKnownFileType = sourcecode.c.objc; path = NetworkManager.m; sourceTree = "<group>"; };
		82E8A5671C773702009F5E5C /* XHJPublishView.h */ = {isa = PBXFileReference; fileEncoding = 4; lastKnownFileType = sourcecode.c.h; path = XHJPublishView.h; sourceTree = "<group>"; };
		82E8A5681C773702009F5E5C /* XHJPublishView.m */ = {isa = PBXFileReference; fileEncoding = 4; lastKnownFileType = sourcecode.c.objc; path = XHJPublishView.m; sourceTree = "<group>"; };
		82FCBA5E1C72B90C00D396BC /* XHJLeftCatagoryModel.h */ = {isa = PBXFileReference; fileEncoding = 4; lastKnownFileType = sourcecode.c.h; path = XHJLeftCatagoryModel.h; sourceTree = "<group>"; };
		82FCBA5F1C72B90C00D396BC /* XHJLeftCatagoryModel.m */ = {isa = PBXFileReference; fileEncoding = 4; lastKnownFileType = sourcecode.c.objc; path = XHJLeftCatagoryModel.m; sourceTree = "<group>"; };
		82FCBA641C72CC6A00D396BC /* XHJRightCell.h */ = {isa = PBXFileReference; fileEncoding = 4; lastKnownFileType = sourcecode.c.h; path = XHJRightCell.h; sourceTree = "<group>"; };
		82FCBA651C72CC6A00D396BC /* XHJRightCell.m */ = {isa = PBXFileReference; fileEncoding = 4; lastKnownFileType = sourcecode.c.objc; path = XHJRightCell.m; sourceTree = "<group>"; };
		82FCBA661C72CC6A00D396BC /* XHJRightCell.xib */ = {isa = PBXFileReference; fileEncoding = 4; lastKnownFileType = file.xib; path = XHJRightCell.xib; sourceTree = "<group>"; };
		82FCBA691C72CDE600D396BC /* XHJRightDetailModel.h */ = {isa = PBXFileReference; fileEncoding = 4; lastKnownFileType = sourcecode.c.h; path = XHJRightDetailModel.h; sourceTree = "<group>"; };
		82FCBA6A1C72CDE600D396BC /* XHJRightDetailModel.m */ = {isa = PBXFileReference; fileEncoding = 4; lastKnownFileType = sourcecode.c.objc; path = XHJRightDetailModel.m; sourceTree = "<group>"; };
		82FCBA6C1C72CEF900D396BC /* XHJDetailLIstModel.h */ = {isa = PBXFileReference; fileEncoding = 4; lastKnownFileType = sourcecode.c.h; path = XHJDetailLIstModel.h; sourceTree = "<group>"; };
		82FCBA6D1C72CEF900D396BC /* XHJDetailLIstModel.m */ = {isa = PBXFileReference; fileEncoding = 4; lastKnownFileType = sourcecode.c.objc; path = XHJDetailLIstModel.m; sourceTree = "<group>"; };
		82FCBA6F1C72D69100D396BC /* XHJSegmentButton.h */ = {isa = PBXFileReference; fileEncoding = 4; lastKnownFileType = sourcecode.c.h; path = XHJSegmentButton.h; sourceTree = "<group>"; };
		82FCBA701C72D69100D396BC /* XHJSegmentButton.m */ = {isa = PBXFileReference; fileEncoding = 4; lastKnownFileType = sourcecode.c.objc; path = XHJSegmentButton.m; sourceTree = "<group>"; };
		82FCBA721C72DD5700D396BC /* Reveal.framework */ = {isa = PBXFileReference; lastKnownFileType = wrapper.framework; path = Reveal.framework; sourceTree = "<group>"; };
		82FCBA741C73053A00D396BC /* XHJGuideView.h */ = {isa = PBXFileReference; fileEncoding = 4; lastKnownFileType = sourcecode.c.h; path = XHJGuideView.h; sourceTree = "<group>"; };
		82FCBA751C73053A00D396BC /* XHJGuideView.m */ = {isa = PBXFileReference; fileEncoding = 4; lastKnownFileType = sourcecode.c.objc; path = XHJGuideView.m; sourceTree = "<group>"; };
		82FCBA791C73055500D396BC /* XHJGuideView.xib */ = {isa = PBXFileReference; fileEncoding = 4; lastKnownFileType = file.xib; path = XHJGuideView.xib; sourceTree = "<group>"; };
		82FCBA941C73083B00D396BC /* TweetCell.h */ = {isa = PBXFileReference; fileEncoding = 4; lastKnownFileType = sourcecode.c.h; path = TweetCell.h; sourceTree = "<group>"; };
		82FCBA951C73083B00D396BC /* TweetCell.m */ = {isa = PBXFileReference; fileEncoding = 4; lastKnownFileType = sourcecode.c.objc; path = TweetCell.m; sourceTree = "<group>"; };
		82FCBA971C73085600D396BC /* TweetLayout.h */ = {isa = PBXFileReference; fileEncoding = 4; lastKnownFileType = sourcecode.c.h; path = TweetLayout.h; sourceTree = "<group>"; };
		82FCBA981C73085600D396BC /* TweetLayout.m */ = {isa = PBXFileReference; fileEncoding = 4; lastKnownFileType = sourcecode.c.objc; path = TweetLayout.m; sourceTree = "<group>"; };
		82FCBA9A1C731A3A00D396BC /* XHJAllController.h */ = {isa = PBXFileReference; fileEncoding = 4; lastKnownFileType = sourcecode.c.h; path = XHJAllController.h; sourceTree = "<group>"; };
		82FCBA9B1C731A3A00D396BC /* XHJAllController.m */ = {isa = PBXFileReference; fileEncoding = 4; lastKnownFileType = sourcecode.c.objc; path = XHJAllController.m; sourceTree = "<group>"; };
		82FCBA9D1C731A4F00D396BC /* XHJVideoController.h */ = {isa = PBXFileReference; fileEncoding = 4; lastKnownFileType = sourcecode.c.h; path = XHJVideoController.h; sourceTree = "<group>"; };
		82FCBA9E1C731A4F00D396BC /* XHJVideoController.m */ = {isa = PBXFileReference; fileEncoding = 4; lastKnownFileType = sourcecode.c.objc; path = XHJVideoController.m; sourceTree = "<group>"; };
		82FCBAA01C731A6100D396BC /* XHJPictureController.h */ = {isa = PBXFileReference; fileEncoding = 4; lastKnownFileType = sourcecode.c.h; path = XHJPictureController.h; sourceTree = "<group>"; };
		82FCBAA11C731A6100D396BC /* XHJPictureController.m */ = {isa = PBXFileReference; fileEncoding = 4; lastKnownFileType = sourcecode.c.objc; path = XHJPictureController.m; sourceTree = "<group>"; };
		82FCBAA31C731A7300D396BC /* XHJWordController.h */ = {isa = PBXFileReference; fileEncoding = 4; lastKnownFileType = sourcecode.c.h; path = XHJWordController.h; sourceTree = "<group>"; };
		82FCBAA41C731A7300D396BC /* XHJWordController.m */ = {isa = PBXFileReference; fileEncoding = 4; lastKnownFileType = sourcecode.c.objc; path = XHJWordController.m; sourceTree = "<group>"; };
		A14C7EEF00246FEF592B2535 /* Pods.debug.xcconfig */ = {isa = PBXFileReference; includeInIndex = 1; lastKnownFileType = text.xcconfig; name = Pods.debug.xcconfig; path = "Pods/Target Support Files/Pods/Pods.debug.xcconfig"; sourceTree = "<group>"; };
/* End PBXFileReference section */

/* Begin PBXFrameworksBuildPhase section */
		821610B01C5A10D3002CFA90 /* Frameworks */ = {
			isa = PBXFrameworksBuildPhase;
			buildActionMask = 2147483647;
			files = (
				9D94B66752AD9ECEFAD14BC0 /* libPods.a in Frameworks */,
			);
			runOnlyForDeploymentPostprocessing = 0;
		};
/* End PBXFrameworksBuildPhase section */

/* Begin PBXGroup section */
		3DD5D3B2D9B61ADC443F001D /* Pods */ = {
			isa = PBXGroup;
			children = (
				A14C7EEF00246FEF592B2535 /* Pods.debug.xcconfig */,
				29A9ABEE978E17BACE6057DB /* Pods.release.xcconfig */,
			);
			name = Pods;
			sourceTree = "<group>";
		};
		821610AA1C5A10D3002CFA90 = {
			isa = PBXGroup;
			children = (
				821610B51C5A10D3002CFA90 /* MissU */,
				821610B41C5A10D3002CFA90 /* Products */,
				3DD5D3B2D9B61ADC443F001D /* Pods */,
				9BCAB350F8952C70703CA665 /* Frameworks */,
			);
			sourceTree = "<group>";
		};
		821610B41C5A10D3002CFA90 /* Products */ = {
			isa = PBXGroup;
			children = (
				821610B31C5A10D3002CFA90 /* MissU.app */,
			);
			name = Products;
			sourceTree = "<group>";
		};
		821610B51C5A10D3002CFA90 /* MissU */ = {
			isa = PBXGroup;
			children = (
				821610D01C5A153E002CFA90 /* Me */,
				82FCBA7B1C73068E00D396BC /* Common */,
				8256D44F1C66057D004AEE0D /* other */,
				8228673A1C5B1586004343A4 /* WrapedLib */,
				821610D11C5A155E002CFA90 /* Attention */,
				821610CF1C5A1523002CFA90 /* Publish */,
				821610CE1C5A1516002CFA90 /* Newest */,
				821610CD1C5A1501002CFA90 /* Essence */,
				821610D61C5A1A19002CFA90 /* Video */,
				821610C21C5A10D3002CFA90 /* Assets.xcassets */,
				821610C41C5A10D3002CFA90 /* LaunchScreen.storyboard */,
				821610C71C5A10D3002CFA90 /* Info.plist */,
				825624A61C5A2AB600E562FC /* Images.xcassets */,
				821610B61C5A10D3002CFA90 /* Supporting Files */,
			);
			path = MissU;
			sourceTree = "<group>";
		};
		821610B61C5A10D3002CFA90 /* Supporting Files */ = {
			isa = PBXGroup;
			children = (
				821610B71C5A10D3002CFA90 /* main.m */,
			);
			name = "Supporting Files";
			sourceTree = "<group>";
		};
		821610CD1C5A1501002CFA90 /* Essence */ = {
			isa = PBXGroup;
			children = (
				822867391C5B156D004343A4 /* Model */,
				822867381C5B1566004343A4 /* ViewModel */,
				822867371C5B1560004343A4 /* View */,
				822867361C5B154E004343A4 /* Controller */,
			);
			name = Essence;
			sourceTree = "<group>";
		};
		821610CE1C5A1516002CFA90 /* Newest */ = {
			isa = PBXGroup;
			children = (
				827165431C7B4FD900079D90 /* View */,
				822867401C5B16CE004343A4 /* Controller */,
			);
			name = Newest;
			sourceTree = "<group>";
		};
		821610CF1C5A1523002CFA90 /* Publish */ = {
			isa = PBXGroup;
			children = (
				82E8A5661C773657009F5E5C /* View */,
				8228674B1C5B176E004343A4 /* Controller */,
			);
			name = Publish;
			sourceTree = "<group>";
		};
		821610D01C5A153E002CFA90 /* Me */ = {
			isa = PBXGroup;
			children = (
				8228674C1C5B178A004343A4 /* Controller */,
			);
			name = Me;
			sourceTree = "<group>";
		};
		821610D11C5A155E002CFA90 /* Attention */ = {
			isa = PBXGroup;
			children = (
				821610D51C5A15BB002CFA90 /* Model */,
				821610D41C5A15B3002CFA90 /* Controller */,
				821610D31C5A15AE002CFA90 /* View */,
				821610D21C5A15A1002CFA90 /* ViewModel */,
			);
			name = Attention;
			sourceTree = "<group>";
		};
		821610D21C5A15A1002CFA90 /* ViewModel */ = {
			isa = PBXGroup;
			children = (
			);
			name = ViewModel;
			sourceTree = "<group>";
		};
		821610D31C5A15AE002CFA90 /* View */ = {
			isa = PBXGroup;
			children = (
				829C46CD1C72144B00AD7E07 /* XHJLeftCell.h */,
				829C46CE1C72144B00AD7E07 /* XHJLeftCell.m */,
				82FCBA641C72CC6A00D396BC /* XHJRightCell.h */,
				82FCBA651C72CC6A00D396BC /* XHJRightCell.m */,
				82FCBA661C72CC6A00D396BC /* XHJRightCell.xib */,
			);
			name = View;
			sourceTree = "<group>";
		};
		821610D41C5A15B3002CFA90 /* Controller */ = {
			isa = PBXGroup;
			children = (
				822867521C5B17B0004343A4 /* AttentionViewController.h */,
				822867531C5B17B0004343A4 /* AttentionViewController.m */,
				822867541C5B17B0004343A4 /* AttentionViewController.xib */,
				829C46BE1C720D7600AD7E07 /* XHJCatagoryViewController.h */,
				829C46BF1C720D7600AD7E07 /* XHJCatagoryViewController.m */,
				829C46C01C720D7600AD7E07 /* XHJCatagoryViewController.xib */,
				829C46C31C72106300AD7E07 /* XHJLeftViewController.h */,
				829C46C41C72106300AD7E07 /* XHJLeftViewController.m */,
				829C46C51C72106300AD7E07 /* XHJLeftViewController.xib */,
				829C46C81C72107000AD7E07 /* XHJRightViewController.h */,
				829C46C91C72107000AD7E07 /* XHJRightViewController.m */,
				829C46CA1C72107000AD7E07 /* XHJRightViewController.xib */,
			);
			name = Controller;
			sourceTree = "<group>";
		};
		821610D51C5A15BB002CFA90 /* Model */ = {
			isa = PBXGroup;
			children = (
				82FCBA5E1C72B90C00D396BC /* XHJLeftCatagoryModel.h */,
				82FCBA5F1C72B90C00D396BC /* XHJLeftCatagoryModel.m */,
				82FCBA691C72CDE600D396BC /* XHJRightDetailModel.h */,
				82FCBA6A1C72CDE600D396BC /* XHJRightDetailModel.m */,
				82FCBA6C1C72CEF900D396BC /* XHJDetailLIstModel.h */,
				82FCBA6D1C72CEF900D396BC /* XHJDetailLIstModel.m */,
			);
			name = Model;
			sourceTree = "<group>";
		};
		821610D61C5A1A19002CFA90 /* Video */ = {
			isa = PBXGroup;
			children = (
				821610D71C5A1A37002CFA90 /* app_splash_movie.mp4 */,
			);
			name = Video;
			path = ..;
			sourceTree = "<group>";
		};
		822867361C5B154E004343A4 /* Controller */ = {
			isa = PBXGroup;
			children = (
				8228673B1C5B1673004343A4 /* EssenceViewController.h */,
				8228673C1C5B1673004343A4 /* EssenceViewController.m */,
				8228673D1C5B1673004343A4 /* EssenceViewController.xib */,
			);
			name = Controller;
			sourceTree = "<group>";
		};
		822867371C5B1560004343A4 /* View */ = {
			isa = PBXGroup;
			children = (
			);
			name = View;
			sourceTree = "<group>";
		};
		822867381C5B1566004343A4 /* ViewModel */ = {
			isa = PBXGroup;
			children = (
			);
			name = ViewModel;
			sourceTree = "<group>";
		};
		822867391C5B156D004343A4 /* Model */ = {
			isa = PBXGroup;
			children = (
			);
			name = Model;
			sourceTree = "<group>";
		};
		8228673A1C5B1586004343A4 /* WrapedLib */ = {
			isa = PBXGroup;
			children = (
				829C46D01C7219AD00AD7E07 /* NetworkManager.h */,
				829C46D11C7219AD00AD7E07 /* NetworkManager.m */,
			);
			name = WrapedLib;
			sourceTree = "<group>";
		};
		822867401C5B16CE004343A4 /* Controller */ = {
			isa = PBXGroup;
			children = (
				822867411C5B16EA004343A4 /* NewestViewController.h */,
				822867421C5B16EA004343A4 /* NewestViewController.m */,
				822867431C5B16EA004343A4 /* NewestViewController.xib */,
				82FCBA9A1C731A3A00D396BC /* XHJAllController.h */,
				82FCBA9B1C731A3A00D396BC /* XHJAllController.m */,
				82FCBA9D1C731A4F00D396BC /* XHJVideoController.h */,
				82FCBA9E1C731A4F00D396BC /* XHJVideoController.m */,
				82FCBAA01C731A6100D396BC /* XHJPictureController.h */,
				82FCBAA11C731A6100D396BC /* XHJPictureController.m */,
				82FCBAA31C731A7300D396BC /* XHJWordController.h */,
				82FCBAA41C731A7300D396BC /* XHJWordController.m */,
				824E0DA81C755A6E002C0D42 /* XHJTopicViewController.h */,
				824E0DA91C755A6E002C0D42 /* XHJTopicViewController.m */,
			);
			name = Controller;
			sourceTree = "<group>";
		};
		8228674B1C5B176E004343A4 /* Controller */ = {
			isa = PBXGroup;
			children = (
				822867461C5B1766004343A4 /* PublishViewController.h */,
				822867471C5B1766004343A4 /* PublishViewController.m */,
				822867481C5B1766004343A4 /* PublishViewController.xib */,
			);
			name = Controller;
			sourceTree = "<group>";
		};
		8228674C1C5B178A004343A4 /* Controller */ = {
			isa = PBXGroup;
			children = (
				8228674D1C5B179D004343A4 /* MeViewController.h */,
				8228674E1C5B179D004343A4 /* MeViewController.m */,
				8228674F1C5B179D004343A4 /* MeViewController.xib */,
				824E0DB61C75D0F7002C0D42 /* XHJRegisterController.h */,
				824E0DB71C75D0F7002C0D42 /* XHJRegisterController.m */,
				824E0DB81C75D0F7002C0D42 /* XHJRegisterController.xib */,
			);
			name = Controller;
			sourceTree = "<group>";
		};
		8256D44F1C66057D004AEE0D /* other */ = {
			isa = PBXGroup;
			children = (
				8256D4521C6605AD004AEE0D /* Model */,
				8256D4511C6605A6004AEE0D /* View */,
				8256D4501C66059B004AEE0D /* Controller */,
				821610B91C5A10D3002CFA90 /* AppDelegate.h */,
				821610BA1C5A10D3002CFA90 /* AppDelegate.m */,
				821610BC1C5A10D3002CFA90 /* ViewController.h */,
				821610BD1C5A10D3002CFA90 /* ViewController.m */,
				821610BF1C5A10D3002CFA90 /* Main.storyboard */,
				8256D45F1C674919004AEE0D /* PreHeader.h */,
				823916C71C74674E00D90D5B /* XHJConst.h */,
				823916C81C74674E00D90D5B /* XHJConst.m */,
			);
			name = other;
			sourceTree = "<group>";
		};
		8256D4501C66059B004AEE0D /* Controller */ = {
			isa = PBXGroup;
			children = (
				8256D4531C6608A0004AEE0D /* XHJTabBarController.h */,
				8256D4541C6608A0004AEE0D /* XHJTabBarController.m */,
				8256D4561C66BDE4004AEE0D /* XHJNavigationController.h */,
				8256D4571C66BDE4004AEE0D /* XHJNavigationController.m */,
				82953E691C833F8E00469C4E /* XHJPicBrowserController.h */,
				82953E6A1C833F8E00469C4E /* XHJPicBrowserController.m */,
			);
			name = Controller;
			sourceTree = "<group>";
		};
		8256D4511C6605A6004AEE0D /* View */ = {
			isa = PBXGroup;
			children = (
				8256D4591C66EFCF004AEE0D /* XHJTabBar.h */,
				8256D45A1C66EFCF004AEE0D /* XHJTabBar.m */,
				8256D45C1C674484004AEE0D /* UIView+Extention.h */,
				8256D45D1C674484004AEE0D /* UIView+Extention.m */,
				82FCBA6F1C72D69100D396BC /* XHJSegmentButton.h */,
				82FCBA701C72D69100D396BC /* XHJSegmentButton.m */,
				82FCBA741C73053A00D396BC /* XHJGuideView.h */,
				82FCBA751C73053A00D396BC /* XHJGuideView.m */,
				82FCBA791C73055500D396BC /* XHJGuideView.xib */,
				82FCBA941C73083B00D396BC /* TweetCell.h */,
				82FCBA951C73083B00D396BC /* TweetCell.m */,
				82FCBA971C73085600D396BC /* TweetLayout.h */,
				82FCBA981C73085600D396BC /* TweetLayout.m */,
				824E0DAE1C7599E0002C0D42 /* XHJTweetCell.h */,
				824E0DAF1C7599E0002C0D42 /* XHJTweetCell.m */,
				824E0DB01C7599E0002C0D42 /* XHJTweetCell.xib */,
				824E0DB31C75CF6A002C0D42 /* XHJVerticalButton.h */,
				824E0DB41C75CF6A002C0D42 /* XHJVerticalButton.m */,
			);
			name = View;
			sourceTree = "<group>";
		};
		8256D4521C6605AD004AEE0D /* Model */ = {
			isa = PBXGroup;
			children = (
				824E0DAB1C75762D002C0D42 /* XHJTopicModel.h */,
				824E0DAC1C75762D002C0D42 /* XHJTopicModel.m */,
			);
			name = Model;
			sourceTree = "<group>";
		};
		827165431C7B4FD900079D90 /* View */ = {
			isa = PBXGroup;
			children = (
				827165401C7B4FD300079D90 /* XHJTopicPictureView.h */,
				827165411C7B4FD300079D90 /* XHJTopicPictureView.m */,
				827165441C7B4FFA00079D90 /* XHJTopicPictureView.xib */,
			);
			name = View;
			sourceTree = "<group>";
		};
		82E8A5661C773657009F5E5C /* View */ = {
			isa = PBXGroup;
			children = (
				82E8A5671C773702009F5E5C /* XHJPublishView.h */,
				82E8A5681C773702009F5E5C /* XHJPublishView.m */,
			);
			name = View;
			sourceTree = "<group>";
		};
		82FCBA7B1C73068E00D396BC /* Common */ = {
			isa = PBXGroup;
			children = (
				82FCBA7C1C73069C00D396BC /* Controller */,
			);
			name = Common;
			sourceTree = "<group>";
		};
		82FCBA7C1C73069C00D396BC /* Controller */ = {
			isa = PBXGroup;
			children = (
			);
			name = Controller;
			sourceTree = "<group>";
		};
		9BCAB350F8952C70703CA665 /* Frameworks */ = {
			isa = PBXGroup;
			children = (
				82FCBA721C72DD5700D396BC /* Reveal.framework */,
				323CFE15D06DC3B1E943E2BF /* libPods.a */,
			);
			name = Frameworks;
			sourceTree = "<group>";
		};
/* End PBXGroup section */

/* Begin PBXNativeTarget section */
		821610B21C5A10D3002CFA90 /* MissU */ = {
			isa = PBXNativeTarget;
			buildConfigurationList = 821610CA1C5A10D3002CFA90 /* Build configuration list for PBXNativeTarget "MissU" */;
			buildPhases = (
				5AAE6E7BFF4BCC4DA7A73107 /* Check Pods Manifest.lock */,
				821610AF1C5A10D3002CFA90 /* Sources */,
				821610B01C5A10D3002CFA90 /* Frameworks */,
				821610B11C5A10D3002CFA90 /* Resources */,
				654197DDF46E04C7903ADD54 /* Embed Pods Frameworks */,
				A38FD3646A9D8903E1862A4F /* Copy Pods Resources */,
			);
			buildRules = (
			);
			dependencies = (
			);
			name = MissU;
			productName = MissU;
			productReference = 821610B31C5A10D3002CFA90 /* MissU.app */;
			productType = "com.apple.product-type.application";
		};
/* End PBXNativeTarget section */

/* Begin PBXProject section */
		821610AB1C5A10D3002CFA90 /* Project object */ = {
			isa = PBXProject;
			attributes = {
				CLASSPREFIX = XHJ;
				LastUpgradeCheck = 0720;
				ORGANIZATIONNAME = ihj;
				TargetAttributes = {
					821610B21C5A10D3002CFA90 = {
						CreatedOnToolsVersion = 7.2;
					};
				};
			};
			buildConfigurationList = 821610AE1C5A10D3002CFA90 /* Build configuration list for PBXProject "MissU" */;
			compatibilityVersion = "Xcode 3.2";
			developmentRegion = English;
			hasScannedForEncodings = 0;
			knownRegions = (
				en,
				Base,
			);
			mainGroup = 821610AA1C5A10D3002CFA90;
			productRefGroup = 821610B41C5A10D3002CFA90 /* Products */;
			projectDirPath = "";
			projectRoot = "";
			targets = (
				821610B21C5A10D3002CFA90 /* MissU */,
			);
		};
/* End PBXProject section */

/* Begin PBXResourcesBuildPhase section */
		821610B11C5A10D3002CFA90 /* Resources */ = {
			isa = PBXResourcesBuildPhase;
			buildActionMask = 2147483647;
			files = (
				822867511C5B179D004343A4 /* MeViewController.xib in Resources */,
				8228674A1C5B1766004343A4 /* PublishViewController.xib in Resources */,
				822867451C5B16EA004343A4 /* NewestViewController.xib in Resources */,
				82FCBA7A1C73055500D396BC /* XHJGuideView.xib in Resources */,
				824E0DB21C7599E0002C0D42 /* XHJTweetCell.xib in Resources */,
				829C46C21C720D7600AD7E07 /* XHJCatagoryViewController.xib in Resources */,
				821610C61C5A10D3002CFA90 /* LaunchScreen.storyboard in Resources */,
				829C46CC1C72107000AD7E07 /* XHJRightViewController.xib in Resources */,
				8228673F1C5B1673004343A4 /* EssenceViewController.xib in Resources */,
				825624A71C5A2AB600E562FC /* Images.xcassets in Resources */,
				821610D81C5A1A37002CFA90 /* app_splash_movie.mp4 in Resources */,
				821610C31C5A10D3002CFA90 /* Assets.xcassets in Resources */,
				824E0DBA1C75D0F7002C0D42 /* XHJRegisterController.xib in Resources */,
				821610C11C5A10D3002CFA90 /* Main.storyboard in Resources */,
				829C46C71C72106300AD7E07 /* XHJLeftViewController.xib in Resources */,
				822867561C5B17B0004343A4 /* AttentionViewController.xib in Resources */,
				82FCBA681C72CC6A00D396BC /* XHJRightCell.xib in Resources */,
				827165451C7B4FFA00079D90 /* XHJTopicPictureView.xib in Resources */,
			);
			runOnlyForDeploymentPostprocessing = 0;
		};
/* End PBXResourcesBuildPhase section */

/* Begin PBXShellScriptBuildPhase section */
		5AAE6E7BFF4BCC4DA7A73107 /* Check Pods Manifest.lock */ = {
			isa = PBXShellScriptBuildPhase;
			buildActionMask = 2147483647;
			files = (
			);
			inputPaths = (
			);
			name = "Check Pods Manifest.lock";
			outputPaths = (
			);
			runOnlyForDeploymentPostprocessing = 0;
			shellPath = /bin/sh;
			shellScript = "diff \"${PODS_ROOT}/../Podfile.lock\" \"${PODS_ROOT}/Manifest.lock\" > /dev/null\nif [[ $? != 0 ]] ; then\n    cat << EOM\nerror: The sandbox is not in sync with the Podfile.lock. Run 'pod install' or update your CocoaPods installation.\nEOM\n    exit 1\nfi\n";
			showEnvVarsInLog = 0;
		};
		654197DDF46E04C7903ADD54 /* Embed Pods Frameworks */ = {
			isa = PBXShellScriptBuildPhase;
			buildActionMask = 2147483647;
			files = (
			);
			inputPaths = (
			);
			name = "Embed Pods Frameworks";
			outputPaths = (
			);
			runOnlyForDeploymentPostprocessing = 0;
			shellPath = /bin/sh;
			shellScript = "\"${SRCROOT}/Pods/Target Support Files/Pods/Pods-frameworks.sh\"\n";
			showEnvVarsInLog = 0;
		};
		A38FD3646A9D8903E1862A4F /* Copy Pods Resources */ = {
			isa = PBXShellScriptBuildPhase;
			buildActionMask = 2147483647;
			files = (
			);
			inputPaths = (
			);
			name = "Copy Pods Resources";
			outputPaths = (
			);
			runOnlyForDeploymentPostprocessing = 0;
			shellPath = /bin/sh;
			shellScript = "\"${SRCROOT}/Pods/Target Support Files/Pods/Pods-resources.sh\"\n";
			showEnvVarsInLog = 0;
		};
/* End PBXShellScriptBuildPhase section */

/* Begin PBXSourcesBuildPhase section */
		821610AF1C5A10D3002CFA90 /* Sources */ = {
			isa = PBXSourcesBuildPhase;
			buildActionMask = 2147483647;
			files = (
				8256D4551C6608A0004AEE0D /* XHJTabBarController.m in Sources */,
				821610BE1C5A10D3002CFA90 /* ViewController.m in Sources */,
				82FCBA761C73053A00D396BC /* XHJGuideView.m in Sources */,
				824E0DB91C75D0F7002C0D42 /* XHJRegisterController.m in Sources */,
				824E0DB11C7599E0002C0D42 /* XHJTweetCell.m in Sources */,
				82FCBAA21C731A6100D396BC /* XHJPictureController.m in Sources */,
				82953E6B1C833F8E00469C4E /* XHJPicBrowserController.m in Sources */,
				824E0DAD1C75762D002C0D42 /* XHJTopicModel.m in Sources */,
				82FCBA9C1C731A3A00D396BC /* XHJAllController.m in Sources */,
				822867551C5B17B0004343A4 /* AttentionViewController.m in Sources */,
				821610BB1C5A10D3002CFA90 /* AppDelegate.m in Sources */,
				827165421C7B4FD300079D90 /* XHJTopicPictureView.m in Sources */,
				82FCBA6B1C72CDE600D396BC /* XHJRightDetailModel.m in Sources */,
				824E0DB51C75CF6A002C0D42 /* XHJVerticalButton.m in Sources */,
				823916C91C74674E00D90D5B /* XHJConst.m in Sources */,
				8256D4581C66BDE4004AEE0D /* XHJNavigationController.m in Sources */,
				822867501C5B179D004343A4 /* MeViewController.m in Sources */,
				82FCBA671C72CC6A00D396BC /* XHJRightCell.m in Sources */,
				822867491C5B1766004343A4 /* PublishViewController.m in Sources */,
				8256D45E1C674484004AEE0D /* UIView+Extention.m in Sources */,
				829C46C11C720D7600AD7E07 /* XHJCatagoryViewController.m in Sources */,
				821610B81C5A10D3002CFA90 /* main.m in Sources */,
				829C46CB1C72107000AD7E07 /* XHJRightViewController.m in Sources */,
				824E0DAA1C755A6E002C0D42 /* XHJTopicViewController.m in Sources */,
				82FCBA6E1C72CEF900D396BC /* XHJDetailLIstModel.m in Sources */,
				8228673E1C5B1673004343A4 /* EssenceViewController.m in Sources */,
				829C46D21C7219AD00AD7E07 /* NetworkManager.m in Sources */,
				82FCBA711C72D69100D396BC /* XHJSegmentButton.m in Sources */,
				82FCBA9F1C731A4F00D396BC /* XHJVideoController.m in Sources */,
				822867441C5B16EA004343A4 /* NewestViewController.m in Sources */,
				829C46CF1C72144B00AD7E07 /* XHJLeftCell.m in Sources */,
				82FCBA991C73085600D396BC /* TweetLayout.m in Sources */,
				82FCBA601C72B90C00D396BC /* XHJLeftCatagoryModel.m in Sources */,
				82FCBAA51C731A7300D396BC /* XHJWordController.m in Sources */,
				829C46C61C72106300AD7E07 /* XHJLeftViewController.m in Sources */,
				8256D45B1C66EFCF004AEE0D /* XHJTabBar.m in Sources */,
				82FCBA961C73083B00D396BC /* TweetCell.m in Sources */,
				82E8A5691C773702009F5E5C /* XHJPublishView.m in Sources */,
			);
			runOnlyForDeploymentPostprocessing = 0;
		};
/* End PBXSourcesBuildPhase section */

/* Begin PBXVariantGroup section */
		821610BF1C5A10D3002CFA90 /* Main.storyboard */ = {
			isa = PBXVariantGroup;
			children = (
				821610C01C5A10D3002CFA90 /* Base */,
			);
			name = Main.storyboard;
			sourceTree = "<group>";
		};
		821610C41C5A10D3002CFA90 /* LaunchScreen.storyboard */ = {
			isa = PBXVariantGroup;
			children = (
				821610C51C5A10D3002CFA90 /* Base */,
			);
			name = LaunchScreen.storyboard;
			sourceTree = "<group>";
		};
/* End PBXVariantGroup section */

/* Begin XCBuildConfiguration section */
		821610C81C5A10D3002CFA90 /* Debug */ = {
			isa = XCBuildConfiguration;
			buildSettings = {
				ALWAYS_SEARCH_USER_PATHS = NO;
				CLANG_CXX_LANGUAGE_STANDARD = "gnu++0x";
				CLANG_CXX_LIBRARY = "libc++";
				CLANG_ENABLE_MODULES = YES;
				CLANG_ENABLE_OBJC_ARC = YES;
				CLANG_WARN_BOOL_CONVERSION = YES;
				CLANG_WARN_CONSTANT_CONVERSION = YES;
				CLANG_WARN_DIRECT_OBJC_ISA_USAGE = YES_ERROR;
				CLANG_WARN_EMPTY_BODY = YES;
				CLANG_WARN_ENUM_CONVERSION = YES;
				CLANG_WARN_INT_CONVERSION = YES;
				CLANG_WARN_OBJC_ROOT_CLASS = YES_ERROR;
				CLANG_WARN_UNREACHABLE_CODE = YES;
				CLANG_WARN__DUPLICATE_METHOD_MATCH = YES;
				"CODE_SIGN_IDENTITY[sdk=iphoneos*]" = "iPhone Developer";
				COPY_PHASE_STRIP = NO;
				DEBUG_INFORMATION_FORMAT = dwarf;
				ENABLE_STRICT_OBJC_MSGSEND = YES;
				ENABLE_TESTABILITY = YES;
				GCC_C_LANGUAGE_STANDARD = gnu99;
				GCC_DYNAMIC_NO_PIC = NO;
				GCC_NO_COMMON_BLOCKS = YES;
				GCC_OPTIMIZATION_LEVEL = 0;
				GCC_PREPROCESSOR_DEFINITIONS = (
					"DEBUG=1",
					"$(inherited)",
				);
				GCC_WARN_64_TO_32_BIT_CONVERSION = YES;
				GCC_WARN_ABOUT_RETURN_TYPE = YES_ERROR;
				GCC_WARN_UNDECLARED_SELECTOR = YES;
				GCC_WARN_UNINITIALIZED_AUTOS = YES_AGGRESSIVE;
				GCC_WARN_UNUSED_FUNCTION = YES;
				GCC_WARN_UNUSED_VARIABLE = YES;
				IPHONEOS_DEPLOYMENT_TARGET = 9.2;
				MTL_ENABLE_DEBUG_INFO = YES;
				ONLY_ACTIVE_ARCH = YES;
				SDKROOT = iphoneos;
			};
			name = Debug;
		};
		821610C91C5A10D3002CFA90 /* Release */ = {
			isa = XCBuildConfiguration;
			buildSettings = {
				ALWAYS_SEARCH_USER_PATHS = NO;
				CLANG_CXX_LANGUAGE_STANDARD = "gnu++0x";
				CLANG_CXX_LIBRARY = "libc++";
				CLANG_ENABLE_MODULES = YES;
				CLANG_ENABLE_OBJC_ARC = YES;
				CLANG_WARN_BOOL_CONVERSION = YES;
				CLANG_WARN_CONSTANT_CONVERSION = YES;
				CLANG_WARN_DIRECT_OBJC_ISA_USAGE = YES_ERROR;
				CLANG_WARN_EMPTY_BODY = YES;
				CLANG_WARN_ENUM_CONVERSION = YES;
				CLANG_WARN_INT_CONVERSION = YES;
				CLANG_WARN_OBJC_ROOT_CLASS = YES_ERROR;
				CLANG_WARN_UNREACHABLE_CODE = YES;
				CLANG_WARN__DUPLICATE_METHOD_MATCH = YES;
				"CODE_SIGN_IDENTITY[sdk=iphoneos*]" = "iPhone Developer";
				COPY_PHASE_STRIP = NO;
				DEBUG_INFORMATION_FORMAT = "dwarf-with-dsym";
				ENABLE_NS_ASSERTIONS = NO;
				ENABLE_STRICT_OBJC_MSGSEND = YES;
				GCC_C_LANGUAGE_STANDARD = gnu99;
				GCC_NO_COMMON_BLOCKS = YES;
				GCC_WARN_64_TO_32_BIT_CONVERSION = YES;
				GCC_WARN_ABOUT_RETURN_TYPE = YES_ERROR;
				GCC_WARN_UNDECLARED_SELECTOR = YES;
				GCC_WARN_UNINITIALIZED_AUTOS = YES_AGGRESSIVE;
				GCC_WARN_UNUSED_FUNCTION = YES;
				GCC_WARN_UNUSED_VARIABLE = YES;
				IPHONEOS_DEPLOYMENT_TARGET = 9.2;
				MTL_ENABLE_DEBUG_INFO = NO;
				SDKROOT = iphoneos;
				VALIDATE_PRODUCT = YES;
			};
			name = Release;
		};
		821610CB1C5A10D3002CFA90 /* Debug */ = {
			isa = XCBuildConfiguration;
			baseConfigurationReference = A14C7EEF00246FEF592B2535 /* Pods.debug.xcconfig */;
			buildSettings = {
				ALWAYS_SEARCH_USER_PATHS = YES;
				ASSETCATALOG_COMPILER_APPICON_NAME = AppIcon;
				ASSETCATALOG_COMPILER_LAUNCHIMAGE_NAME = LaunchImage;
				FRAMEWORK_SEARCH_PATHS = (
					"$(inherited)",
					"$(PROJECT_DIR)",
				);
				GCC_PREFIX_HEADER = /Users/ihj/Desktop/MissU/MissU/PreHeader.h;
				HEADER_SEARCH_PATHS = (
					"$(inherited)",
					"\"${PODS_ROOT}/Headers/Public\"",
					"\"${PODS_ROOT}/Headers/Public/AFNetworking\"",
					"\"${PODS_ROOT}/Headers/Public/CYLTabBarController\"",
					"\"${PODS_ROOT}/Headers/Public/DACircularProgress\"",
					"\"${PODS_ROOT}/Headers/Public/MJExtension\"",
					"\"${PODS_ROOT}/Headers/Public/MJRefresh\"",
					"\"${PODS_ROOT}/Headers/Public/NJKWebViewProgress\"",
					"\"${PODS_ROOT}/Headers/Public/SDWebImage\"",
					"\"${PODS_ROOT}/Headers/Public/SVProgressHUD\"",
					"\"${PODS_ROOT}/Headers/Public/YYKit\"",
					"\"${PODS_ROOT}/Headers/Public/pop\"",
					"\"$(SRCROOT)/MissU/PreHeader.h\"",
				);
				INFOPLIST_FILE = MissU/Info.plist;
				IPHONEOS_DEPLOYMENT_TARGET = 9.0;
				LD_RUNPATH_SEARCH_PATHS = "$(inherited) @executable_path/Frameworks";
				OTHER_LDFLAGS = (
					"$(inherited)",
					"-ObjC",
					"-l\"AFNetworking\"",
					"-l\"CYLTabBarController\"",
					"-l\"DACircularProgress\"",
					"-l\"MJExtension\"",
					"-l\"MJRefresh\"",
					"-l\"NJKWebViewProgress\"",
					"-l\"SDWebImage\"",
					"-l\"SVProgressHUD\"",
					"-l\"YYKit\"",
					"-l\"c++\"",
					"-l\"pop\"",
					"-l\"sqlite3\"",
					"-l\"z\"",
					"-framework",
					"\"Accelerate\"",
					"-framework",
					"\"AssetsLibrary\"",
					"-framework",
					"\"CoreFoundation\"",
					"-framework",
					"\"CoreGraphics\"",
					"-framework",
					"\"CoreImage\"",
					"-framework",
					"\"CoreText\"",
					"-framework",
					"\"ImageIO\"",
					"-framework",
					"\"MobileCoreServices\"",
					"-framework",
					"\"QuartzCore\"",
					"-framework",
					"\"Security\"",
					"-framework",
					"\"SystemConfiguration\"",
					"-framework",
					"\"UIKit\"",
					"-framework",
					"\"WebP\"",
					"-ObjC",
					"-lz",
					"-framework",
					Reveal,
				);
				PRODUCT_BUNDLE_IDENTIFIER = HJ.MissU;
				PRODUCT_NAME = "$(TARGET_NAME)";
				"USER_HEADER_SEARCH_PATHS[arch=*]" = "";
			};
			name = Debug;
		};
		821610CC1C5A10D3002CFA90 /* Release */ = {
			isa = XCBuildConfiguration;
			baseConfigurationReference = 29A9ABEE978E17BACE6057DB /* Pods.release.xcconfig */;
			buildSettings = {
				ALWAYS_SEARCH_USER_PATHS = YES;
				ASSETCATALOG_COMPILER_APPICON_NAME = AppIcon;
				ASSETCATALOG_COMPILER_LAUNCHIMAGE_NAME = LaunchImage;
				FRAMEWORK_SEARCH_PATHS = (
					"$(inherited)",
					"$(PROJECT_DIR)",
				);
				GCC_PREFIX_HEADER = /Users/ihj/Desktop/MissU/MissU/PreHeader.h;
				HEADER_SEARCH_PATHS = (
					"$(inherited)",
					"\"${PODS_ROOT}/Headers/Public\"",
					"\"${PODS_ROOT}/Headers/Public/AFNetworking\"",
					"\"${PODS_ROOT}/Headers/Public/CYLTabBarController\"",
					"\"${PODS_ROOT}/Headers/Public/DACircularProgress\"",
					"\"${PODS_ROOT}/Headers/Public/MJExtension\"",
					"\"${PODS_ROOT}/Headers/Public/MJRefresh\"",
					"\"${PODS_ROOT}/Headers/Public/NJKWebViewProgress\"",
					"\"${PODS_ROOT}/Headers/Public/SDWebImage\"",
					"\"${PODS_ROOT}/Headers/Public/SVProgressHUD\"",
					"\"${PODS_ROOT}/Headers/Public/YYKit\"",
					"\"${PODS_ROOT}/Headers/Public/pop\"",
					"\"$(SRCROOT)/MissU/PreHeader.h\"",
				);
				INFOPLIST_FILE = MissU/Info.plist;
				IPHONEOS_DEPLOYMENT_TARGET = 9.0;
				LD_RUNPATH_SEARCH_PATHS = "$(inherited) @executable_path/Frameworks";
				PRODUCT_BUNDLE_IDENTIFIER = HJ.MissU;
				PRODUCT_NAME = "$(TARGET_NAME)";
			};
			name = Release;
		};
/* End XCBuildConfiguration section */

/* Begin XCConfigurationList section */
		821610AE1C5A10D3002CFA90 /* Build configuration list for PBXProject "MissU" */ = {
			isa = XCConfigurationList;
			buildConfigurations = (
				821610C81C5A10D3002CFA90 /* Debug */,
				821610C91C5A10D3002CFA90 /* Release */,
			);
			defaultConfigurationIsVisible = 0;
			defaultConfigurationName = Release;
		};
		821610CA1C5A10D3002CFA90 /* Build configuration list for PBXNativeTarget "MissU" */ = {
			isa = XCConfigurationList;
			buildConfigurations = (
				821610CB1C5A10D3002CFA90 /* Debug */,
				821610CC1C5A10D3002CFA90 /* Release */,
			);
			defaultConfigurationIsVisible = 0;
			defaultConfigurationName = Release;
		};
/* End XCConfigurationList section */
	};
	rootObject = 821610AB1C5A10D3002CFA90 /* Project object */;
}
